
Microsoft Visual Studio Solution File, Format Version 12.00
# Visual Studio 15
VisualStudioVersion = 15.0.28307.438
MinimumVisualStudioVersion = 10.0.40219.1
Project("{F184B08F-C81C-45F6-A57F-5ABD9991F28F}") = "Roulette", "Project1\Roulette.vbproj", "{D6CEFB84-06F9-4518-8C16-9CD6A2F0C6FD}"
EndProject
Global
	GlobalSection(SolutionConfigurationPlatforms) = preSolution
		Debug|Any CPU = Debug|Any CPU
		Release|Any CPU = Release|Any CPU
	EndGlobalSection
	GlobalSection(ProjectConfigurationPlatforms) = postSolution
		{D6CEFB84-06F9-4518-8C16-9CD6A2F0C6FD}.Debug|Any CPU.ActiveCfg = Debug|Any CPU
		{D6CEFB84-06F9-4518-8C16-9CD6A2F0C6FD}.Debug|Any CPU.Build.0 = Debug|Any CPU
		{D6CEFB84-06F9-4518-8C16-9CD6A2F0C6FD}.Release|Any CPU.ActiveCfg = Release|Any CPU
		{D6CEFB84-06F9-4518-8C16-9CD6A2F0C6FD}.Release|Any CPU.Build.0 = Release|Any CPU
	EndGlobalSection
	GlobalSection(SolutionProperties) = preSolution
		HideSolutionNode = FALSE
	EndGlobalSection
	GlobalSection(ExtensibilityGlobals) = postSolution
		SolutionGuid = {C2F0970B-F240-49D4-94B3-FED9544469F0}
	EndGlobalSection
EndGlobal
